
Microsoft Visual Studio Solution File, Format Version 12.00
# Visual Studio 15
VisualStudioVersion = 15.0.28307.572
MinimumVisualStudioVersion = 10.0.40219.1
Project("{FAE04EC0-301F-11D3-BF4B-00C04F79EFBC}") = "ElementaryLevelTasks", "ElementaryLevelTasks\ElementaryLevelTasks.csproj", "{B13554D4-3E7C-462D-9FF9-2911DF51E855}"
EndProject
Project("{FAE04EC0-301F-11D3-BF4B-00C04F79EFBC}") = "Algoritms11", "Algoritms11\Algoritms11.csproj", "{3B4E244D-8F87-4CD0-AF53-3C562157315F}"
EndProject
Project("{FAE04EC0-301F-11D3-BF4B-00C04F79EFBC}") = "Algoritms12", "Algoritms12\Algoritms12.csproj", "{1E8C6E54-63F8-4286-B76D-EB2B8DC1DC3C}"
EndProject
Project("{FAE04EC0-301F-11D3-BF4B-00C04F79EFBC}") = "Algoritms13", "Algoritms13\Algoritms13.csproj", "{9E687938-A625-4448-9BA4-DC7AC23738A5}"
EndProject
Project("{FAE04EC0-301F-11D3-BF4B-00C04F79EFBC}") = "Algoritms21", "Algoritms21\Algoritms21.csproj", "{C9D709C5-6A1C-48FC-BF4D-6A5694582121}"
EndProject
Project("{FAE04EC0-301F-11D3-BF4B-00C04F79EFBC}") = "Algoritms22", "Algoritms22\Algoritms22.csproj", "{6454CA20-B257-4D26-AC66-0F08FDDB1D87}"
EndProject
Project("{FAE04EC0-301F-11D3-BF4B-00C04F79EFBC}") = "Algoritms23", "Algoritms23\Algoritms23.csproj", "{1000FA7F-DB06-4DEA-AAA7-41528B79CEE7}"
EndProject
Global
	GlobalSection(SolutionConfigurationPlatforms) = preSolution
		Debug|Any CPU = Debug|Any CPU
		Release|Any CPU = Release|Any CPU
	EndGlobalSection
	GlobalSection(ProjectConfigurationPlatforms) = postSolution
		{B13554D4-3E7C-462D-9FF9-2911DF51E855}.Debug|Any CPU.ActiveCfg = Debug|Any CPU
		{B13554D4-3E7C-462D-9FF9-2911DF51E855}.Debug|Any CPU.Build.0 = Debug|Any CPU
		{B13554D4-3E7C-462D-9FF9-2911DF51E855}.Release|Any CPU.ActiveCfg = Release|Any CPU
		{B13554D4-3E7C-462D-9FF9-2911DF51E855}.Release|Any CPU.Build.0 = Release|Any CPU
		{3B4E244D-8F87-4CD0-AF53-3C562157315F}.Debug|Any CPU.ActiveCfg = Debug|Any CPU
		{3B4E244D-8F87-4CD0-AF53-3C562157315F}.Debug|Any CPU.Build.0 = Debug|Any CPU
		{3B4E244D-8F87-4CD0-AF53-3C562157315F}.Release|Any CPU.ActiveCfg = Release|Any CPU
		{3B4E244D-8F87-4CD0-AF53-3C562157315F}.Release|Any CPU.Build.0 = Release|Any CPU
		{1E8C6E54-63F8-4286-B76D-EB2B8DC1DC3C}.Debug|Any CPU.ActiveCfg = Debug|Any CPU
		{1E8C6E54-63F8-4286-B76D-EB2B8DC1DC3C}.Debug|Any CPU.Build.0 = Debug|Any CPU
		{1E8C6E54-63F8-4286-B76D-EB2B8DC1DC3C}.Release|Any CPU.ActiveCfg = Release|Any CPU
		{1E8C6E54-63F8-4286-B76D-EB2B8DC1DC3C}.Release|Any CPU.Build.0 = Release|Any CPU
		{9E687938-A625-4448-9BA4-DC7AC23738A5}.Debug|Any CPU.ActiveCfg = Debug|Any CPU
		{9E687938-A625-4448-9BA4-DC7AC23738A5}.Debug|Any CPU.Build.0 = Debug|Any CPU
		{9E687938-A625-4448-9BA4-DC7AC23738A5}.Release|Any CPU.ActiveCfg = Release|Any CPU
		{9E687938-A625-4448-9BA4-DC7AC23738A5}.Release|Any CPU.Build.0 = Release|Any CPU
		{C9D709C5-6A1C-48FC-BF4D-6A5694582121}.Debug|Any CPU.ActiveCfg = Debug|Any CPU
		{C9D709C5-6A1C-48FC-BF4D-6A5694582121}.Debug|Any CPU.Build.0 = Debug|Any CPU
		{C9D709C5-6A1C-48FC-BF4D-6A5694582121}.Release|Any CPU.ActiveCfg = Release|Any CPU
		{C9D709C5-6A1C-48FC-BF4D-6A5694582121}.Release|Any CPU.Build.0 = Release|Any CPU
		{6454CA20-B257-4D26-AC66-0F08FDDB1D87}.Debug|Any CPU.ActiveCfg = Debug|Any CPU
		{6454CA20-B257-4D26-AC66-0F08FDDB1D87}.Debug|Any CPU.Build.0 = Debug|Any CPU
		{6454CA20-B257-4D26-AC66-0F08FDDB1D87}.Release|Any CPU.ActiveCfg = Release|Any CPU
		{6454CA20-B257-4D26-AC66-0F08FDDB1D87}.Release|Any CPU.Build.0 = Release|Any CPU
		{1000FA7F-DB06-4DEA-AAA7-41528B79CEE7}.Debug|Any CPU.ActiveCfg = Debug|Any CPU
		{1000FA7F-DB06-4DEA-AAA7-41528B79CEE7}.Debug|Any CPU.Build.0 = Debug|Any CPU
		{1000FA7F-DB06-4DEA-AAA7-41528B79CEE7}.Release|Any CPU.ActiveCfg = Release|Any CPU
		{1000FA7F-DB06-4DEA-AAA7-41528B79CEE7}.Release|Any CPU.Build.0 = Release|Any CPU
	EndGlobalSection
	GlobalSection(SolutionProperties) = preSolution
		HideSolutionNode = FALSE
	EndGlobalSection
	GlobalSection(ExtensibilityGlobals) = postSolution
		SolutionGuid = {09B71E16-CF93-4B7B-8DB3-53759F7B5561}
	EndGlobalSection
EndGlobal
